
Microsoft Visual Studio Solution File, Format Version 12.00
# Visual Studio 15
VisualStudioVersion = 15.0.28307.106
MinimumVisualStudioVersion = 10.0.40219.1
Project("{FAE04EC0-301F-11D3-BF4B-00C04F79EFBC}") = "WpfFirstLesson", "WpfFirstLesson\WpfFirstLesson.csproj", "{7BAA4B26-13BB-4FD5-BD38-B11626C32BED}"
EndProject
Global
	GlobalSection(SolutionConfigurationPlatforms) = preSolution
		Debug|Any CPU = Debug|Any CPU
		Release|Any CPU = Release|Any CPU
	EndGlobalSection
	GlobalSection(ProjectConfigurationPlatforms) = postSolution
		{7BAA4B26-13BB-4FD5-BD38-B11626C32BED}.Debug|Any CPU.ActiveCfg = Debug|Any CPU
		{7BAA4B26-13BB-4FD5-BD38-B11626C32BED}.Debug|Any CPU.Build.0 = Debug|Any CPU
		{7BAA4B26-13BB-4FD5-BD38-B11626C32BED}.Release|Any CPU.ActiveCfg = Release|Any CPU
		{7BAA4B26-13BB-4FD5-BD38-B11626C32BED}.Release|Any CPU.Build.0 = Release|Any CPU
	EndGlobalSection
	GlobalSection(SolutionProperties) = preSolution
		HideSolutionNode = FALSE
	EndGlobalSection
	GlobalSection(ExtensibilityGlobals) = postSolution
		SolutionGuid = {6B4A890A-AA04-4793-80A9-C8F47BD29330}
	EndGlobalSection
EndGlobal
